// !$*UTF8*$!
{
	archiveVersion = 1;
	classes = {
	};
	objectVersion = 45;
	objects = {

/* Begin PBXBuildFile section */
		1D3623260D0F684500981E51 /* ConceptMapAppDelegate.m in Sources */ = {isa = PBXBuildFile; fileRef = 1D3623250D0F684500981E51 /* ConceptMapAppDelegate.m */; };
		1D60589B0D05DD56006BFB54 /* main.m in Sources */ = {isa = PBXBuildFile; fileRef = 29B97316FDCFA39411CA2CEA /* main.m */; };
		1D60589F0D05DD5A006BFB54 /* Foundation.framework in Frameworks */ = {isa = PBXBuildFile; fileRef = 1D30AB110D05D00D00671497 /* Foundation.framework */; };
		1DF5F4E00D08C38300B7A737 /* UIKit.framework in Frameworks */ = {isa = PBXBuildFile; fileRef = 1DF5F4DF0D08C38300B7A737 /* UIKit.framework */; };
		288765A50DF7441C002DB57D /* CoreGraphics.framework in Frameworks */ = {isa = PBXBuildFile; fileRef = 288765A40DF7441C002DB57D /* CoreGraphics.framework */; };
		2899E5220DE3E06400AC0155 /* ConceptMapViewController.xib in Resources */ = {isa = PBXBuildFile; fileRef = 2899E5210DE3E06400AC0155 /* ConceptMapViewController.xib */; };
		28AD733F0D9D9553002E5188 /* MainWindow.xib in Resources */ = {isa = PBXBuildFile; fileRef = 28AD733E0D9D9553002E5188 /* MainWindow.xib */; };
		28D7ACF80DDB3853001CB0EB /* ConceptMapViewController.m in Sources */ = {isa = PBXBuildFile; fileRef = 28D7ACF70DDB3853001CB0EB /* ConceptMapViewController.m */; };
		E70D56F7123B2C6C00280E65 /* Application.m in Sources */ = {isa = PBXBuildFile; fileRef = E75ABC6A1239F24C004A5C76 /* Application.m */; };
		E70D56F8123B2C6C00280E65 /* Document.m in Sources */ = {isa = PBXBuildFile; fileRef = E75ABC6C1239F24C004A5C76 /* Document.m */; };
		E70D56F9123B2C6C00280E65 /* Concept.m in Sources */ = {isa = PBXBuildFile; fileRef = E75ABC6E1239F24C004A5C76 /* Concept.m */; };
		E716CD95123F25B2003F21D3 /* DocumentTableViewCell.xib in Resources */ = {isa = PBXBuildFile; fileRef = E716CD93123F25B2003F21D3 /* DocumentTableViewCell.xib */; };
		E716CDDA123F2A55003F21D3 /* image2.jpeg in Resources */ = {isa = PBXBuildFile; fileRef = E716CDD8123F2A55003F21D3 /* image2.jpeg */; };
		E716CDDB123F2A55003F21D3 /* image1.jpeg in Resources */ = {isa = PBXBuildFile; fileRef = E716CDD9123F2A55003F21D3 /* image1.jpeg */; };
		E716CDDC123F2A55003F21D3 /* image2.jpeg in Resources */ = {isa = PBXBuildFile; fileRef = E716CDD8123F2A55003F21D3 /* image2.jpeg */; };
		E716CDDD123F2A55003F21D3 /* image1.jpeg in Resources */ = {isa = PBXBuildFile; fileRef = E716CDD9123F2A55003F21D3 /* image1.jpeg */; };
		E716CE17123F3284003F21D3 /* ConceptMapViewController.m in Sources */ = {isa = PBXBuildFile; fileRef = 28D7ACF70DDB3853001CB0EB /* ConceptMapViewController.m */; };
		E716CE1D123F3296003F21D3 /* ConceptMapViewController.xib in Resources */ = {isa = PBXBuildFile; fileRef = 2899E5210DE3E06400AC0155 /* ConceptMapViewController.xib */; };
		E716CE26123F33D1003F21D3 /* DocumentTableViewCell.m in Sources */ = {isa = PBXBuildFile; fileRef = E794E259123F2077002F0EF8 /* DocumentTableViewCell.m */; };
		E716CE27123F33D6003F21D3 /* DocumentTableViewCell.xib in Resources */ = {isa = PBXBuildFile; fileRef = E716CD93123F25B2003F21D3 /* DocumentTableViewCell.xib */; };
		E721DBC7123F359F00B39962 /* DocumentsViewController.m in Sources */ = {isa = PBXBuildFile; fileRef = E794E229123DE84E002F0EF8 /* DocumentsViewController.m */; };
		E721DBC8123F35A600B39962 /* DocumentsViewController.xib in Resources */ = {isa = PBXBuildFile; fileRef = E794E22A123DE84E002F0EF8 /* DocumentsViewController.xib */; };
		E7227900125AE8D3001A0386 /* Localizable.strings in Resources */ = {isa = PBXBuildFile; fileRef = E72278FD125AE8D3001A0386 /* Localizable.strings */; };
		E7227901125AE8D3001A0386 /* Localizable.strings in Resources */ = {isa = PBXBuildFile; fileRef = E72278FD125AE8D3001A0386 /* Localizable.strings */; };
		E7227904125AE8DF001A0386 /* Localizable.strings in Resources */ = {isa = PBXBuildFile; fileRef = E7227902125AE8DF001A0386 /* Localizable.strings */; };
		E7227905125AE8DF001A0386 /* Localizable.strings in Resources */ = {isa = PBXBuildFile; fileRef = E7227902125AE8DF001A0386 /* Localizable.strings */; };
		E7227911125AEA1E001A0386 /* Localizable.strings in Resources */ = {isa = PBXBuildFile; fileRef = E722790F125AEA1E001A0386 /* Localizable.strings */; };
		E7227912125AEA1E001A0386 /* Localizable.strings in Resources */ = {isa = PBXBuildFile; fileRef = E722790F125AEA1E001A0386 /* Localizable.strings */; };
		E7227926125AEE6E001A0386 /* InfoPlist.strings in Resources */ = {isa = PBXBuildFile; fileRef = E7227924125AEE6E001A0386 /* InfoPlist.strings */; };
		E7227927125AEE6E001A0386 /* InfoPlist.strings in Resources */ = {isa = PBXBuildFile; fileRef = E7227924125AEE6E001A0386 /* InfoPlist.strings */; };
		E722792A125AEEAC001A0386 /* InfoPlist.strings in Resources */ = {isa = PBXBuildFile; fileRef = E7227928125AEEAC001A0386 /* InfoPlist.strings */; };
		E722792B125AEEAC001A0386 /* InfoPlist.strings in Resources */ = {isa = PBXBuildFile; fileRef = E7227928125AEEAC001A0386 /* InfoPlist.strings */; };
		E722792E125AEED3001A0386 /* InfoPlist.strings in Resources */ = {isa = PBXBuildFile; fileRef = E722792C125AEED3001A0386 /* InfoPlist.strings */; };
		E722792F125AEED3001A0386 /* InfoPlist.strings in Resources */ = {isa = PBXBuildFile; fileRef = E722792C125AEED3001A0386 /* InfoPlist.strings */; };
		E7227BE7125EEEAC001A0386 /* ConceptObjectConnectButton.m in Sources */ = {isa = PBXBuildFile; fileRef = E7227BE6125EEEAC001A0386 /* ConceptObjectConnectButton.m */; };
		E7227BE8125EEEAC001A0386 /* ConceptObjectConnectButton.m in Sources */ = {isa = PBXBuildFile; fileRef = E7227BE6125EEEAC001A0386 /* ConceptObjectConnectButton.m */; };
		E7227CB812616628001A0386 /* ConceptObjectShapeChooserViewController.m in Sources */ = {isa = PBXBuildFile; fileRef = E7227CB612616628001A0386 /* ConceptObjectShapeChooserViewController.m */; };
		E7227CB912616628001A0386 /* ConceptObjectShapeChooserViewController.xib in Resources */ = {isa = PBXBuildFile; fileRef = E7227CB712616628001A0386 /* ConceptObjectShapeChooserViewController.xib */; };
		E7227CBA12616628001A0386 /* ConceptObjectShapeChooserViewController.m in Sources */ = {isa = PBXBuildFile; fileRef = E7227CB612616628001A0386 /* ConceptObjectShapeChooserViewController.m */; };
		E7227CBB12616628001A0386 /* ConceptObjectShapeChooserViewController.xib in Resources */ = {isa = PBXBuildFile; fileRef = E7227CB712616628001A0386 /* ConceptObjectShapeChooserViewController.xib */; };
		E7227D911261988E001A0386 /* ConceptObjectConnections.m in Sources */ = {isa = PBXBuildFile; fileRef = E7227D901261988E001A0386 /* ConceptObjectConnections.m */; };
		E7227D921261988E001A0386 /* ConceptObjectConnections.m in Sources */ = {isa = PBXBuildFile; fileRef = E7227D901261988E001A0386 /* ConceptObjectConnections.m */; };
		E7227DAC12629F93001A0386 /* ConceptObjectConnection.m in Sources */ = {isa = PBXBuildFile; fileRef = E7227DAB12629F93001A0386 /* ConceptObjectConnection.m */; };
		E7227DAD12629F93001A0386 /* ConceptObjectConnection.m in Sources */ = {isa = PBXBuildFile; fileRef = E7227DAB12629F93001A0386 /* ConceptObjectConnection.m */; };
		E72A5321124C5F7000FEF168 /* ConceptObjectColorSet.m in Sources */ = {isa = PBXBuildFile; fileRef = E72A5320124C5F7000FEF168 /* ConceptObjectColorSet.m */; };
		E72A5322124C5F7000FEF168 /* ConceptObjectColorSet.m in Sources */ = {isa = PBXBuildFile; fileRef = E72A5320124C5F7000FEF168 /* ConceptObjectColorSet.m */; };
		E72A53C0124DBB3F00FEF168 /* ConceptObjectColorChooserViewController.m in Sources */ = {isa = PBXBuildFile; fileRef = E72A53BE124DBB3F00FEF168 /* ConceptObjectColorChooserViewController.m */; };
		E72A53C1124DBB3F00FEF168 /* ConceptObjectColorChooserViewController.xib in Resources */ = {isa = PBXBuildFile; fileRef = E72A53BF124DBB3F00FEF168 /* ConceptObjectColorChooserViewController.xib */; };
		E72A53C2124DBB3F00FEF168 /* ConceptObjectColorChooserViewController.m in Sources */ = {isa = PBXBuildFile; fileRef = E72A53BE124DBB3F00FEF168 /* ConceptObjectColorChooserViewController.m */; };
		E72A53C3124DBB3F00FEF168 /* ConceptObjectColorChooserViewController.xib in Resources */ = {isa = PBXBuildFile; fileRef = E72A53BF124DBB3F00FEF168 /* ConceptObjectColorChooserViewController.xib */; };
		E72DD7651239F9B300B73998 /* CoreDataTest.m in Sources */ = {isa = PBXBuildFile; fileRef = E72DD7641239F9B300B73998 /* CoreDataTest.m */; };
		E72DD7701239FB0800B73998 /* DataController.m in Sources */ = {isa = PBXBuildFile; fileRef = E72DD76F1239FB0800B73998 /* DataController.m */; };
		E72DD7711239FB0800B73998 /* DataController.m in Sources */ = {isa = PBXBuildFile; fileRef = E72DD76F1239FB0800B73998 /* DataController.m */; };
		E754AD91123FCCD2002801A3 /* ConceptObjectLabel.m in Sources */ = {isa = PBXBuildFile; fileRef = E754AD90123FCCD2002801A3 /* ConceptObjectLabel.m */; };
		E754AD92123FCCD2002801A3 /* ConceptObjectLabel.m in Sources */ = {isa = PBXBuildFile; fileRef = E754AD90123FCCD2002801A3 /* ConceptObjectLabel.m */; };
		E75ABC641239F054004A5C76 /* ApplicationData.xcdatamodel in Sources */ = {isa = PBXBuildFile; fileRef = E75ABC631239F054004A5C76 /* ApplicationData.xcdatamodel */; };
		E75ABC6F1239F24C004A5C76 /* Application.m in Sources */ = {isa = PBXBuildFile; fileRef = E75ABC6A1239F24C004A5C76 /* Application.m */; };
		E75ABC701239F24C004A5C76 /* Document.m in Sources */ = {isa = PBXBuildFile; fileRef = E75ABC6C1239F24C004A5C76 /* Document.m */; };
		E75ABC711239F24C004A5C76 /* Concept.m in Sources */ = {isa = PBXBuildFile; fileRef = E75ABC6E1239F24C004A5C76 /* Concept.m */; };
		E75ABC7E1239F25F004A5C76 /* CoreData.framework in Frameworks */ = {isa = PBXBuildFile; fileRef = E75ABC7D1239F25F004A5C76 /* CoreData.framework */; };
		E75ABCBC1239F48E004A5C76 /* GTMIPhoneUnitTestDelegate.m in Sources */ = {isa = PBXBuildFile; fileRef = E75ABCB61239F48E004A5C76 /* GTMIPhoneUnitTestDelegate.m */; };
		E75ABCBD1239F48E004A5C76 /* GTMIPhoneUnitTestMain.m in Sources */ = {isa = PBXBuildFile; fileRef = E75ABCB71239F48E004A5C76 /* GTMIPhoneUnitTestMain.m */; };
		E75ABCBE1239F48E004A5C76 /* GTMSenTestCase.m in Sources */ = {isa = PBXBuildFile; fileRef = E75ABCB91239F48E004A5C76 /* GTMSenTestCase.m */; };
		E75ABCBF1239F48E004A5C76 /* GTMUnitTestDevLog.m in Sources */ = {isa = PBXBuildFile; fileRef = E75ABCBB1239F48E004A5C76 /* GTMUnitTestDevLog.m */; };
		E75ABCC41239F4BE004A5C76 /* GTMObjC2Runtime.m in Sources */ = {isa = PBXBuildFile; fileRef = E75ABCC11239F4BE004A5C76 /* GTMObjC2Runtime.m */; };
		E75ABCC51239F4BE004A5C76 /* GTMRegex.m in Sources */ = {isa = PBXBuildFile; fileRef = E75ABCC31239F4BE004A5C76 /* GTMRegex.m */; };
		E75ABCDD1239F5C5004A5C76 /* MainWindow.xib in Resources */ = {isa = PBXBuildFile; fileRef = 28AD733E0D9D9553002E5188 /* MainWindow.xib */; };
		E75ABDD61239F5F7004A5C76 /* QuartzCore.framework in Frameworks */ = {isa = PBXBuildFile; fileRef = E7F87E4C12388BA9003F63CA /* QuartzCore.framework */; };
		E75ABDD71239F5F7004A5C76 /* UIKit.framework in Frameworks */ = {isa = PBXBuildFile; fileRef = 1DF5F4DF0D08C38300B7A737 /* UIKit.framework */; };
		E75ABDD81239F5F7004A5C76 /* Foundation.framework in Frameworks */ = {isa = PBXBuildFile; fileRef = 1D30AB110D05D00D00671497 /* Foundation.framework */; };
		E75ABDD91239F5F7004A5C76 /* CoreGraphics.framework in Frameworks */ = {isa = PBXBuildFile; fileRef = 288765A40DF7441C002DB57D /* CoreGraphics.framework */; };
		E75ABDDA1239F5F7004A5C76 /* CoreData.framework in Frameworks */ = {isa = PBXBuildFile; fileRef = E75ABC7D1239F25F004A5C76 /* CoreData.framework */; };
		E75ABDE31239F64A004A5C76 /* ConceptMapView.m in Sources */ = {isa = PBXBuildFile; fileRef = E7F87E4712388B1C003F63CA /* ConceptMapView.m */; };
		E75ABDE91239F662004A5C76 /* ConceptObject.m in Sources */ = {isa = PBXBuildFile; fileRef = E7F87F4D1238AC90003F63CA /* ConceptObject.m */; };
		E75ABDF11239F68D004A5C76 /* ConceptMapAppDelegate.m in Sources */ = {isa = PBXBuildFile; fileRef = 1D3623250D0F684500981E51 /* ConceptMapAppDelegate.m */; };
		E75ABDFE1239F77C004A5C76 /* GeneralTests.m in Sources */ = {isa = PBXBuildFile; fileRef = E75ABDFD1239F77C004A5C76 /* GeneralTests.m */; };
		E768BDF7123B4CB100D149F7 /* ApplicationData.xcdatamodel in Sources */ = {isa = PBXBuildFile; fileRef = E75ABC631239F054004A5C76 /* ApplicationData.xcdatamodel */; };
		E774F6991249B80C00CC1918 /* delete.png in Resources */ = {isa = PBXBuildFile; fileRef = E774F6981249B80C00CC1918 /* delete.png */; };
		E774F69A1249B80C00CC1918 /* delete.png in Resources */ = {isa = PBXBuildFile; fileRef = E774F6981249B80C00CC1918 /* delete.png */; };
		E783AB351256FE2900E2F8CB /* MessageUI.framework in Frameworks */ = {isa = PBXBuildFile; fileRef = E783AB341256FE2900E2F8CB /* MessageUI.framework */; };
		E783AC121258B38100E2F8CB /* ConceptObjectFontChooserViewController.m in Sources */ = {isa = PBXBuildFile; fileRef = E783AC101258B38100E2F8CB /* ConceptObjectFontChooserViewController.m */; };
		E783AC131258B38100E2F8CB /* ConceptObjectFontChooserViewController.xib in Resources */ = {isa = PBXBuildFile; fileRef = E783AC111258B38100E2F8CB /* ConceptObjectFontChooserViewController.xib */; };
		E783AC141258B38100E2F8CB /* ConceptObjectFontChooserViewController.m in Sources */ = {isa = PBXBuildFile; fileRef = E783AC101258B38100E2F8CB /* ConceptObjectFontChooserViewController.m */; };
		E783AC151258B38100E2F8CB /* ConceptObjectFontChooserViewController.xib in Resources */ = {isa = PBXBuildFile; fileRef = E783AC111258B38100E2F8CB /* ConceptObjectFontChooserViewController.xib */; };
		E783B74012504919009B0C77 /* ConceptObjectDeleteButton.m in Sources */ = {isa = PBXBuildFile; fileRef = E783B73F12504919009B0C77 /* ConceptObjectDeleteButton.m */; };
		E783B74112504919009B0C77 /* ConceptObjectDeleteButton.m in Sources */ = {isa = PBXBuildFile; fileRef = E783B73F12504919009B0C77 /* ConceptObjectDeleteButton.m */; };
		E783BC391254597E009B0C77 /* ActionsViewController.m in Sources */ = {isa = PBXBuildFile; fileRef = E783BC371254597E009B0C77 /* ActionsViewController.m */; };
		E783BC3A1254597E009B0C77 /* ActionsViewController.xib in Resources */ = {isa = PBXBuildFile; fileRef = E783BC381254597E009B0C77 /* ActionsViewController.xib */; };
		E783BC3B1254597E009B0C77 /* ActionsViewController.m in Sources */ = {isa = PBXBuildFile; fileRef = E783BC371254597E009B0C77 /* ActionsViewController.m */; };
		E783BC3C1254597E009B0C77 /* ActionsViewController.xib in Resources */ = {isa = PBXBuildFile; fileRef = E783BC381254597E009B0C77 /* ActionsViewController.xib */; };
		E783BC5E12545C1C009B0C77 /* DocumentSettingsViewController.m in Sources */ = {isa = PBXBuildFile; fileRef = E783BC5C12545C1C009B0C77 /* DocumentSettingsViewController.m */; };
		E783BC5F12545C1C009B0C77 /* DocumentSettingsViewController.xib in Resources */ = {isa = PBXBuildFile; fileRef = E783BC5D12545C1C009B0C77 /* DocumentSettingsViewController.xib */; };
		E783BC6012545C1C009B0C77 /* DocumentSettingsViewController.m in Sources */ = {isa = PBXBuildFile; fileRef = E783BC5C12545C1C009B0C77 /* DocumentSettingsViewController.m */; };
		E783BC6112545C1C009B0C77 /* DocumentSettingsViewController.xib in Resources */ = {isa = PBXBuildFile; fileRef = E783BC5D12545C1C009B0C77 /* DocumentSettingsViewController.xib */; };
		E792D376124718CA00873C15 /* ConceptObjectTitleViewController.m in Sources */ = {isa = PBXBuildFile; fileRef = E792D374124718CA00873C15 /* ConceptObjectTitleViewController.m */; };
		E792D377124718CA00873C15 /* ConceptObjectTitleViewController.xib in Resources */ = {isa = PBXBuildFile; fileRef = E792D375124718CA00873C15 /* ConceptObjectTitleViewController.xib */; };
		E792D378124718CA00873C15 /* ConceptObjectTitleViewController.m in Sources */ = {isa = PBXBuildFile; fileRef = E792D374124718CA00873C15 /* ConceptObjectTitleViewController.m */; };
		E792D379124718CA00873C15 /* ConceptObjectTitleViewController.xib in Resources */ = {isa = PBXBuildFile; fileRef = E792D375124718CA00873C15 /* ConceptObjectTitleViewController.xib */; };
		E794E22D123DE84E002F0EF8 /* DocumentsViewController.m in Sources */ = {isa = PBXBuildFile; fileRef = E794E229123DE84E002F0EF8 /* DocumentsViewController.m */; };
		E794E22E123DE84E002F0EF8 /* DocumentsViewController.xib in Resources */ = {isa = PBXBuildFile; fileRef = E794E22A123DE84E002F0EF8 /* DocumentsViewController.xib */; };
		E794E25B123F2077002F0EF8 /* DocumentTableViewCell.m in Sources */ = {isa = PBXBuildFile; fileRef = E794E259123F2077002F0EF8 /* DocumentTableViewCell.m */; };
		E7E6EB48124B115000276DA9 /* ConceptObjectSettingsViewController.m in Sources */ = {isa = PBXBuildFile; fileRef = E7E6EB46124B115000276DA9 /* ConceptObjectSettingsViewController.m */; };
		E7E6EB49124B115000276DA9 /* ConceptObjectSettingsViewController.xib in Resources */ = {isa = PBXBuildFile; fileRef = E7E6EB47124B115000276DA9 /* ConceptObjectSettingsViewController.xib */; };
		E7E6EB4A124B115000276DA9 /* ConceptObjectSettingsViewController.m in Sources */ = {isa = PBXBuildFile; fileRef = E7E6EB46124B115000276DA9 /* ConceptObjectSettingsViewController.m */; };
		E7E6EB4B124B115000276DA9 /* ConceptObjectSettingsViewController.xib in Resources */ = {isa = PBXBuildFile; fileRef = E7E6EB47124B115000276DA9 /* ConceptObjectSettingsViewController.xib */; };
		E7F87E4812388B1C003F63CA /* ConceptMapView.m in Sources */ = {isa = PBXBuildFile; fileRef = E7F87E4712388B1C003F63CA /* ConceptMapView.m */; };
		E7F87E4D12388BA9003F63CA /* QuartzCore.framework in Frameworks */ = {isa = PBXBuildFile; fileRef = E7F87E4C12388BA9003F63CA /* QuartzCore.framework */; };
		E7F87F4E1238AC90003F63CA /* ConceptObject.m in Sources */ = {isa = PBXBuildFile; fileRef = E7F87F4D1238AC90003F63CA /* ConceptObject.m */; };
		E7F87F6C1238B04A003F63CA /* Utility.m in Sources */ = {isa = PBXBuildFile; fileRef = E7F87F6B1238B04A003F63CA /* Utility.m */; };
/* End PBXBuildFile section */

/* Begin PBXFileReference section */
		1D30AB110D05D00D00671497 /* Foundation.framework */ = {isa = PBXFileReference; lastKnownFileType = wrapper.framework; name = Foundation.framework; path = System/Library/Frameworks/Foundation.framework; sourceTree = SDKROOT; };
		1D3623240D0F684500981E51 /* ConceptMapAppDelegate.h */ = {isa = PBXFileReference; fileEncoding = 4; lastKnownFileType = sourcecode.c.h; path = ConceptMapAppDelegate.h; sourceTree = "<group>"; };
		1D3623250D0F684500981E51 /* ConceptMapAppDelegate.m */ = {isa = PBXFileReference; fileEncoding = 4; lastKnownFileType = sourcecode.c.objc; path = ConceptMapAppDelegate.m; sourceTree = "<group>"; };
		1D6058910D05DD3D006BFB54 /* ConceptMap.app */ = {isa = PBXFileReference; explicitFileType = wrapper.application; includeInIndex = 0; path = ConceptMap.app; sourceTree = BUILT_PRODUCTS_DIR; };
		1DF5F4DF0D08C38300B7A737 /* UIKit.framework */ = {isa = PBXFileReference; lastKnownFileType = wrapper.framework; name = UIKit.framework; path = System/Library/Frameworks/UIKit.framework; sourceTree = SDKROOT; };
		288765A40DF7441C002DB57D /* CoreGraphics.framework */ = {isa = PBXFileReference; lastKnownFileType = wrapper.framework; name = CoreGraphics.framework; path = System/Library/Frameworks/CoreGraphics.framework; sourceTree = SDKROOT; };
		2899E5210DE3E06400AC0155 /* ConceptMapViewController.xib */ = {isa = PBXFileReference; lastKnownFileType = file.xib; path = ConceptMapViewController.xib; sourceTree = "<group>"; };
		28AD733E0D9D9553002E5188 /* MainWindow.xib */ = {isa = PBXFileReference; lastKnownFileType = file.xib; path = MainWindow.xib; sourceTree = "<group>"; };
		28D7ACF60DDB3853001CB0EB /* ConceptMapViewController.h */ = {isa = PBXFileReference; fileEncoding = 4; lastKnownFileType = sourcecode.c.h; path = ConceptMapViewController.h; sourceTree = "<group>"; };
		28D7ACF70DDB3853001CB0EB /* ConceptMapViewController.m */ = {isa = PBXFileReference; fileEncoding = 4; lastKnownFileType = sourcecode.c.objc; path = ConceptMapViewController.m; sourceTree = "<group>"; };
		29B97316FDCFA39411CA2CEA /* main.m */ = {isa = PBXFileReference; fileEncoding = 4; lastKnownFileType = sourcecode.c.objc; path = main.m; sourceTree = "<group>"; };
		32CA4F630368D1EE00C91783 /* ConceptMap_Prefix.pch */ = {isa = PBXFileReference; fileEncoding = 4; lastKnownFileType = sourcecode.c.h; path = ConceptMap_Prefix.pch; sourceTree = "<group>"; };
		8D1107310486CEB800E47090 /* ConceptMap-Info.plist */ = {isa = PBXFileReference; fileEncoding = 4; lastKnownFileType = text.plist.xml; path = "ConceptMap-Info.plist"; plistStructureDefinitionIdentifier = "com.apple.xcode.plist.structure-definition.iphone.info-plist"; sourceTree = "<group>"; };
		E716CD93123F25B2003F21D3 /* DocumentTableViewCell.xib */ = {isa = PBXFileReference; lastKnownFileType = file.xib; name = DocumentTableViewCell.xib; path = Classes/DocumentTableViewCell.xib; sourceTree = "<group>"; };
		E716CDD8123F2A55003F21D3 /* image2.jpeg */ = {isa = PBXFileReference; lastKnownFileType = image.jpeg; name = image2.jpeg; path = Images/image2.jpeg; sourceTree = "<group>"; };
		E716CDD9123F2A55003F21D3 /* image1.jpeg */ = {isa = PBXFileReference; lastKnownFileType = image.jpeg; name = image1.jpeg; path = Images/image1.jpeg; sourceTree = "<group>"; };
		E72278FE125AE8D3001A0386 /* en */ = {isa = PBXFileReference; fileEncoding = 4; lastKnownFileType = text.plist.strings; name = en; path = Localizable.strings; sourceTree = "<group>"; };
		E7227903125AE8DF001A0386 /* fr */ = {isa = PBXFileReference; fileEncoding = 4; lastKnownFileType = text.plist.strings; name = fr; path = Localizable.strings; sourceTree = "<group>"; };
		E7227910125AEA1E001A0386 /* es */ = {isa = PBXFileReference; fileEncoding = 4; lastKnownFileType = text.plist.strings; name = es; path = Localizable.strings; sourceTree = "<group>"; };
		E7227925125AEE6E001A0386 /* en */ = {isa = PBXFileReference; fileEncoding = 4; lastKnownFileType = text.plist.strings; name = en; path = InfoPlist.strings; sourceTree = "<group>"; };
		E7227929125AEEAC001A0386 /* fr */ = {isa = PBXFileReference; fileEncoding = 4; lastKnownFileType = text.plist.strings; name = fr; path = InfoPlist.strings; sourceTree = "<group>"; };
		E722792D125AEED3001A0386 /* es */ = {isa = PBXFileReference; fileEncoding = 4; lastKnownFileType = text.plist.strings; name = es; path = InfoPlist.strings; sourceTree = "<group>"; };
		E7227BE5125EEEAC001A0386 /* ConceptObjectConnectButton.h */ = {isa = PBXFileReference; fileEncoding = 4; lastKnownFileType = sourcecode.c.h; path = ConceptObjectConnectButton.h; sourceTree = "<group>"; };
		E7227BE6125EEEAC001A0386 /* ConceptObjectConnectButton.m */ = {isa = PBXFileReference; fileEncoding = 4; lastKnownFileType = sourcecode.c.objc; path = ConceptObjectConnectButton.m; sourceTree = "<group>"; };
		E7227CB512616628001A0386 /* ConceptObjectShapeChooserViewController.h */ = {isa = PBXFileReference; fileEncoding = 4; lastKnownFileType = sourcecode.c.h; path = ConceptObjectShapeChooserViewController.h; sourceTree = "<group>"; };
		E7227CB612616628001A0386 /* ConceptObjectShapeChooserViewController.m */ = {isa = PBXFileReference; fileEncoding = 4; lastKnownFileType = sourcecode.c.objc; path = ConceptObjectShapeChooserViewController.m; sourceTree = "<group>"; };
		E7227CB712616628001A0386 /* ConceptObjectShapeChooserViewController.xib */ = {isa = PBXFileReference; lastKnownFileType = file.xib; name = ConceptObjectShapeChooserViewController.xib; path = Classes/ConceptObjectShapeChooserViewController.xib; sourceTree = "<group>"; };
		E7227D8F1261988E001A0386 /* ConceptObjectConnections.h */ = {isa = PBXFileReference; fileEncoding = 4; lastKnownFileType = sourcecode.c.h; path = ConceptObjectConnections.h; sourceTree = "<group>"; };
		E7227D901261988E001A0386 /* ConceptObjectConnections.m */ = {isa = PBXFileReference; fileEncoding = 4; lastKnownFileType = sourcecode.c.objc; path = ConceptObjectConnections.m; sourceTree = "<group>"; };
		E7227DAA12629F93001A0386 /* ConceptObjectConnection.h */ = {isa = PBXFileReference; fileEncoding = 4; lastKnownFileType = sourcecode.c.h; path = ConceptObjectConnection.h; sourceTree = "<group>"; };
		E7227DAB12629F93001A0386 /* ConceptObjectConnection.m */ = {isa = PBXFileReference; fileEncoding = 4; lastKnownFileType = sourcecode.c.objc; path = ConceptObjectConnection.m; sourceTree = "<group>"; };
		E72A531F124C5F7000FEF168 /* ConceptObjectColorSet.h */ = {isa = PBXFileReference; fileEncoding = 4; lastKnownFileType = sourcecode.c.h; path = ConceptObjectColorSet.h; sourceTree = "<group>"; };
		E72A5320124C5F7000FEF168 /* ConceptObjectColorSet.m */ = {isa = PBXFileReference; fileEncoding = 4; lastKnownFileType = sourcecode.c.objc; path = ConceptObjectColorSet.m; sourceTree = "<group>"; };
		E72A53BD124DBB3F00FEF168 /* ConceptObjectColorChooserViewController.h */ = {isa = PBXFileReference; fileEncoding = 4; lastKnownFileType = sourcecode.c.h; path = ConceptObjectColorChooserViewController.h; sourceTree = "<group>"; };
		E72A53BE124DBB3F00FEF168 /* ConceptObjectColorChooserViewController.m */ = {isa = PBXFileReference; fileEncoding = 4; lastKnownFileType = sourcecode.c.objc; path = ConceptObjectColorChooserViewController.m; sourceTree = "<group>"; };
		E72A53BF124DBB3F00FEF168 /* ConceptObjectColorChooserViewController.xib */ = {isa = PBXFileReference; lastKnownFileType = file.xib; name = ConceptObjectColorChooserViewController.xib; path = Classes/ConceptObjectColorChooserViewController.xib; sourceTree = "<group>"; };
		E72DD7631239F9B300B73998 /* CoreDataTest.h */ = {isa = PBXFileReference; fileEncoding = 4; lastKnownFileType = sourcecode.c.h; path = CoreDataTest.h; sourceTree = "<group>"; };
		E72DD7641239F9B300B73998 /* CoreDataTest.m */ = {isa = PBXFileReference; fileEncoding = 4; lastKnownFileType = sourcecode.c.objc; path = CoreDataTest.m; sourceTree = "<group>"; };
		E72DD76D1239FAEA00B73998 /* SynthesizeSingleton.h */ = {isa = PBXFileReference; fileEncoding = 4; lastKnownFileType = sourcecode.c.h; path = SynthesizeSingleton.h; sourceTree = "<group>"; };
		E72DD76E1239FB0800B73998 /* DataController.h */ = {isa = PBXFileReference; fileEncoding = 4; lastKnownFileType = sourcecode.c.h; path = DataController.h; sourceTree = "<group>"; };
		E72DD76F1239FB0800B73998 /* DataController.m */ = {isa = PBXFileReference; fileEncoding = 4; lastKnownFileType = sourcecode.c.objc; path = DataController.m; sourceTree = "<group>"; };
		E754AD8F123FCCD2002801A3 /* ConceptObjectLabel.h */ = {isa = PBXFileReference; fileEncoding = 4; lastKnownFileType = sourcecode.c.h; path = ConceptObjectLabel.h; sourceTree = "<group>"; };
		E754AD90123FCCD2002801A3 /* ConceptObjectLabel.m */ = {isa = PBXFileReference; fileEncoding = 4; lastKnownFileType = sourcecode.c.objc; path = ConceptObjectLabel.m; sourceTree = "<group>"; };
		E75ABC631239F054004A5C76 /* ApplicationData.xcdatamodel */ = {isa = PBXFileReference; fileEncoding = 4; lastKnownFileType = wrapper.xcdatamodel; path = ApplicationData.xcdatamodel; sourceTree = "<group>"; };
		E75ABC691239F24C004A5C76 /* Application.h */ = {isa = PBXFileReference; fileEncoding = 4; lastKnownFileType = sourcecode.c.h; path = Application.h; sourceTree = "<group>"; };
		E75ABC6A1239F24C004A5C76 /* Application.m */ = {isa = PBXFileReference; fileEncoding = 4; lastKnownFileType = sourcecode.c.objc; path = Application.m; sourceTree = "<group>"; };
		E75ABC6B1239F24C004A5C76 /* Document.h */ = {isa = PBXFileReference; fileEncoding = 4; lastKnownFileType = sourcecode.c.h; path = Document.h; sourceTree = "<group>"; };
		E75ABC6C1239F24C004A5C76 /* Document.m */ = {isa = PBXFileReference; fileEncoding = 4; lastKnownFileType = sourcecode.c.objc; path = Document.m; sourceTree = "<group>"; };
		E75ABC6D1239F24C004A5C76 /* Concept.h */ = {isa = PBXFileReference; fileEncoding = 4; lastKnownFileType = sourcecode.c.h; path = Concept.h; sourceTree = "<group>"; };
		E75ABC6E1239F24C004A5C76 /* Concept.m */ = {isa = PBXFileReference; fileEncoding = 4; lastKnownFileType = sourcecode.c.objc; path = Concept.m; sourceTree = "<group>"; };
		E75ABC7D1239F25F004A5C76 /* CoreData.framework */ = {isa = PBXFileReference; lastKnownFileType = wrapper.framework; name = CoreData.framework; path = System/Library/Frameworks/CoreData.framework; sourceTree = SDKROOT; };
		E75ABCAE1239F42B004A5C76 /* ApplicationTesting.app */ = {isa = PBXFileReference; explicitFileType = wrapper.application; includeInIndex = 0; path = ApplicationTesting.app; sourceTree = BUILT_PRODUCTS_DIR; };
		E75ABCB01239F42B004A5C76 /* ApplicationTesting-Info.plist */ = {isa = PBXFileReference; lastKnownFileType = text.plist.xml; path = "ApplicationTesting-Info.plist"; sourceTree = "<group>"; };
		E75ABCB51239F48E004A5C76 /* GTMIPhoneUnitTestDelegate.h */ = {isa = PBXFileReference; fileEncoding = 4; lastKnownFileType = sourcecode.c.h; name = GTMIPhoneUnitTestDelegate.h; path = "google-toolbox-for-mac-read-only/UnitTesting/GTMIPhoneUnitTestDelegate.h"; sourceTree = "<group>"; };
		E75ABCB61239F48E004A5C76 /* GTMIPhoneUnitTestDelegate.m */ = {isa = PBXFileReference; fileEncoding = 4; lastKnownFileType = sourcecode.c.objc; name = GTMIPhoneUnitTestDelegate.m; path = "google-toolbox-for-mac-read-only/UnitTesting/GTMIPhoneUnitTestDelegate.m"; sourceTree = "<group>"; };
		E75ABCB71239F48E004A5C76 /* GTMIPhoneUnitTestMain.m */ = {isa = PBXFileReference; fileEncoding = 4; lastKnownFileType = sourcecode.c.objc; name = GTMIPhoneUnitTestMain.m; path = "google-toolbox-for-mac-read-only/UnitTesting/GTMIPhoneUnitTestMain.m"; sourceTree = "<group>"; };
		E75ABCB81239F48E004A5C76 /* GTMSenTestCase.h */ = {isa = PBXFileReference; fileEncoding = 4; lastKnownFileType = sourcecode.c.h; name = GTMSenTestCase.h; path = "google-toolbox-for-mac-read-only/UnitTesting/GTMSenTestCase.h"; sourceTree = "<group>"; };
		E75ABCB91239F48E004A5C76 /* GTMSenTestCase.m */ = {isa = PBXFileReference; fileEncoding = 4; lastKnownFileType = sourcecode.c.objc; name = GTMSenTestCase.m; path = "google-toolbox-for-mac-read-only/UnitTesting/GTMSenTestCase.m"; sourceTree = "<group>"; };
		E75ABCBA1239F48E004A5C76 /* GTMUnitTestDevLog.h */ = {isa = PBXFileReference; fileEncoding = 4; lastKnownFileType = sourcecode.c.h; name = GTMUnitTestDevLog.h; path = "google-toolbox-for-mac-read-only/UnitTesting/GTMUnitTestDevLog.h"; sourceTree = "<group>"; };
		E75ABCBB1239F48E004A5C76 /* GTMUnitTestDevLog.m */ = {isa = PBXFileReference; fileEncoding = 4; lastKnownFileType = sourcecode.c.objc; name = GTMUnitTestDevLog.m; path = "google-toolbox-for-mac-read-only/UnitTesting/GTMUnitTestDevLog.m"; sourceTree = "<group>"; };
		E75ABCC01239F4BE004A5C76 /* GTMObjC2Runtime.h */ = {isa = PBXFileReference; fileEncoding = 4; lastKnownFileType = sourcecode.c.h; name = GTMObjC2Runtime.h; path = "google-toolbox-for-mac-read-only/Foundation/GTMObjC2Runtime.h"; sourceTree = "<group>"; };
		E75ABCC11239F4BE004A5C76 /* GTMObjC2Runtime.m */ = {isa = PBXFileReference; fileEncoding = 4; lastKnownFileType = sourcecode.c.objc; name = GTMObjC2Runtime.m; path = "google-toolbox-for-mac-read-only/Foundation/GTMObjC2Runtime.m"; sourceTree = "<group>"; };
		E75ABCC21239F4BE004A5C76 /* GTMRegex.h */ = {isa = PBXFileReference; fileEncoding = 4; lastKnownFileType = sourcecode.c.h; name = GTMRegex.h; path = "google-toolbox-for-mac-read-only/Foundation/GTMRegex.h"; sourceTree = "<group>"; };
		E75ABCC31239F4BE004A5C76 /* GTMRegex.m */ = {isa = PBXFileReference; fileEncoding = 4; lastKnownFileType = sourcecode.c.objc; name = GTMRegex.m; path = "google-toolbox-for-mac-read-only/Foundation/GTMRegex.m"; sourceTree = "<group>"; };
		E75ABCC61239F4D0004A5C76 /* GTMDefines.h */ = {isa = PBXFileReference; fileEncoding = 4; lastKnownFileType = sourcecode.c.h; name = GTMDefines.h; path = "google-toolbox-for-mac-read-only/GTMDefines.h"; sourceTree = "<group>"; };
		E75ABDFC1239F77C004A5C76 /* GeneralTests.h */ = {isa = PBXFileReference; fileEncoding = 4; lastKnownFileType = sourcecode.c.h; path = GeneralTests.h; sourceTree = "<group>"; };
		E75ABDFD1239F77C004A5C76 /* GeneralTests.m */ = {isa = PBXFileReference; fileEncoding = 4; lastKnownFileType = sourcecode.c.objc; path = GeneralTests.m; sourceTree = "<group>"; };
		E774F6981249B80C00CC1918 /* delete.png */ = {isa = PBXFileReference; lastKnownFileType = image.png; name = delete.png; path = Images/delete.png; sourceTree = "<group>"; };
		E783AB341256FE2900E2F8CB /* MessageUI.framework */ = {isa = PBXFileReference; lastKnownFileType = wrapper.framework; name = MessageUI.framework; path = System/Library/Frameworks/MessageUI.framework; sourceTree = SDKROOT; };
		E783AC0F1258B38100E2F8CB /* ConceptObjectFontChooserViewController.h */ = {isa = PBXFileReference; fileEncoding = 4; lastKnownFileType = sourcecode.c.h; path = ConceptObjectFontChooserViewController.h; sourceTree = "<group>"; };
		E783AC101258B38100E2F8CB /* ConceptObjectFontChooserViewController.m */ = {isa = PBXFileReference; fileEncoding = 4; lastKnownFileType = sourcecode.c.objc; path = ConceptObjectFontChooserViewController.m; sourceTree = "<group>"; };
		E783AC111258B38100E2F8CB /* ConceptObjectFontChooserViewController.xib */ = {isa = PBXFileReference; lastKnownFileType = file.xib; name = ConceptObjectFontChooserViewController.xib; path = Classes/ConceptObjectFontChooserViewController.xib; sourceTree = "<group>"; };
		E783B73E12504919009B0C77 /* ConceptObjectDeleteButton.h */ = {isa = PBXFileReference; fileEncoding = 4; lastKnownFileType = sourcecode.c.h; path = ConceptObjectDeleteButton.h; sourceTree = "<group>"; };
		E783B73F12504919009B0C77 /* ConceptObjectDeleteButton.m */ = {isa = PBXFileReference; fileEncoding = 4; lastKnownFileType = sourcecode.c.objc; path = ConceptObjectDeleteButton.m; sourceTree = "<group>"; };
		E783BC361254597E009B0C77 /* ActionsViewController.h */ = {isa = PBXFileReference; fileEncoding = 4; lastKnownFileType = sourcecode.c.h; path = ActionsViewController.h; sourceTree = "<group>"; };
		E783BC371254597E009B0C77 /* ActionsViewController.m */ = {isa = PBXFileReference; fileEncoding = 4; lastKnownFileType = sourcecode.c.objc; path = ActionsViewController.m; sourceTree = "<group>"; };
		E783BC381254597E009B0C77 /* ActionsViewController.xib */ = {isa = PBXFileReference; lastKnownFileType = file.xib; name = ActionsViewController.xib; path = Classes/ActionsViewController.xib; sourceTree = "<group>"; };
		E783BC5B12545C1C009B0C77 /* DocumentSettingsViewController.h */ = {isa = PBXFileReference; fileEncoding = 4; lastKnownFileType = sourcecode.c.h; path = DocumentSettingsViewController.h; sourceTree = "<group>"; };
		E783BC5C12545C1C009B0C77 /* DocumentSettingsViewController.m */ = {isa = PBXFileReference; fileEncoding = 4; lastKnownFileType = sourcecode.c.objc; path = DocumentSettingsViewController.m; sourceTree = "<group>"; };
		E783BC5D12545C1C009B0C77 /* DocumentSettingsViewController.xib */ = {isa = PBXFileReference; lastKnownFileType = file.xib; name = DocumentSettingsViewController.xib; path = Classes/DocumentSettingsViewController.xib; sourceTree = "<group>"; };
		E792D373124718CA00873C15 /* ConceptObjectTitleViewController.h */ = {isa = PBXFileReference; fileEncoding = 4; lastKnownFileType = sourcecode.c.h; path = ConceptObjectTitleViewController.h; sourceTree = "<group>"; };
		E792D374124718CA00873C15 /* ConceptObjectTitleViewController.m */ = {isa = PBXFileReference; fileEncoding = 4; lastKnownFileType = sourcecode.c.objc; path = ConceptObjectTitleViewController.m; sourceTree = "<group>"; };
		E792D375124718CA00873C15 /* ConceptObjectTitleViewController.xib */ = {isa = PBXFileReference; lastKnownFileType = file.xib; name = ConceptObjectTitleViewController.xib; path = Classes/ConceptObjectTitleViewController.xib; sourceTree = "<group>"; };
		E794E228123DE84E002F0EF8 /* DocumentsViewController.h */ = {isa = PBXFileReference; fileEncoding = 4; lastKnownFileType = sourcecode.c.h; path = DocumentsViewController.h; sourceTree = "<group>"; };
		E794E229123DE84E002F0EF8 /* DocumentsViewController.m */ = {isa = PBXFileReference; fileEncoding = 4; lastKnownFileType = sourcecode.c.objc; path = DocumentsViewController.m; sourceTree = "<group>"; };
		E794E22A123DE84E002F0EF8 /* DocumentsViewController.xib */ = {isa = PBXFileReference; lastKnownFileType = file.xib; name = DocumentsViewController.xib; path = Classes/DocumentsViewController.xib; sourceTree = "<group>"; };
		E794E258123F2077002F0EF8 /* DocumentTableViewCell.h */ = {isa = PBXFileReference; fileEncoding = 4; lastKnownFileType = sourcecode.c.h; path = DocumentTableViewCell.h; sourceTree = "<group>"; };
		E794E259123F2077002F0EF8 /* DocumentTableViewCell.m */ = {isa = PBXFileReference; fileEncoding = 4; lastKnownFileType = sourcecode.c.objc; path = DocumentTableViewCell.m; sourceTree = "<group>"; };
		E7E6EB45124B115000276DA9 /* ConceptObjectSettingsViewController.h */ = {isa = PBXFileReference; fileEncoding = 4; lastKnownFileType = sourcecode.c.h; path = ConceptObjectSettingsViewController.h; sourceTree = "<group>"; };
		E7E6EB46124B115000276DA9 /* ConceptObjectSettingsViewController.m */ = {isa = PBXFileReference; fileEncoding = 4; lastKnownFileType = sourcecode.c.objc; path = ConceptObjectSettingsViewController.m; sourceTree = "<group>"; };
		E7E6EB47124B115000276DA9 /* ConceptObjectSettingsViewController.xib */ = {isa = PBXFileReference; lastKnownFileType = file.xib; name = ConceptObjectSettingsViewController.xib; path = Classes/ConceptObjectSettingsViewController.xib; sourceTree = "<group>"; };
		E7F87E4612388B1C003F63CA /* ConceptMapView.h */ = {isa = PBXFileReference; fileEncoding = 4; lastKnownFileType = sourcecode.c.h; path = ConceptMapView.h; sourceTree = "<group>"; };
		E7F87E4712388B1C003F63CA /* ConceptMapView.m */ = {isa = PBXFileReference; fileEncoding = 4; lastKnownFileType = sourcecode.c.objc; path = ConceptMapView.m; sourceTree = "<group>"; };
		E7F87E4C12388BA9003F63CA /* QuartzCore.framework */ = {isa = PBXFileReference; lastKnownFileType = wrapper.framework; name = QuartzCore.framework; path = System/Library/Frameworks/QuartzCore.framework; sourceTree = SDKROOT; };
		E7F87F4C1238AC90003F63CA /* ConceptObject.h */ = {isa = PBXFileReference; fileEncoding = 4; lastKnownFileType = sourcecode.c.h; path = ConceptObject.h; sourceTree = "<group>"; };
		E7F87F4D1238AC90003F63CA /* ConceptObject.m */ = {isa = PBXFileReference; fileEncoding = 4; lastKnownFileType = sourcecode.c.objc; path = ConceptObject.m; sourceTree = "<group>"; };
		E7F87F6A1238B04A003F63CA /* Utility.h */ = {isa = PBXFileReference; fileEncoding = 4; lastKnownFileType = sourcecode.c.h; path = Utility.h; sourceTree = "<group>"; };
		E7F87F6B1238B04A003F63CA /* Utility.m */ = {isa = PBXFileReference; fileEncoding = 4; lastKnownFileType = sourcecode.c.objc; path = Utility.m; sourceTree = "<group>"; };
/* End PBXFileReference section */

/* Begin PBXFrameworksBuildPhase section */
		1D60588F0D05DD3D006BFB54 /* Frameworks */ = {
			isa = PBXFrameworksBuildPhase;
			buildActionMask = 2147483647;
			files = (
				1D60589F0D05DD5A006BFB54 /* Foundation.framework in Frameworks */,
				1DF5F4E00D08C38300B7A737 /* UIKit.framework in Frameworks */,
				288765A50DF7441C002DB57D /* CoreGraphics.framework in Frameworks */,
				E7F87E4D12388BA9003F63CA /* QuartzCore.framework in Frameworks */,
				E75ABC7E1239F25F004A5C76 /* CoreData.framework in Frameworks */,
				E783AB351256FE2900E2F8CB /* MessageUI.framework in Frameworks */,
			);
			runOnlyForDeploymentPostprocessing = 0;
		};
		E75ABCAC1239F42B004A5C76 /* Frameworks */ = {
			isa = PBXFrameworksBuildPhase;
			buildActionMask = 2147483647;
			files = (
				E75ABDD61239F5F7004A5C76 /* QuartzCore.framework in Frameworks */,
				E75ABDD71239F5F7004A5C76 /* UIKit.framework in Frameworks */,
				E75ABDD81239F5F7004A5C76 /* Foundation.framework in Frameworks */,
				E75ABDD91239F5F7004A5C76 /* CoreGraphics.framework in Frameworks */,
				E75ABDDA1239F5F7004A5C76 /* CoreData.framework in Frameworks */,
			);
			runOnlyForDeploymentPostprocessing = 0;
		};
/* End PBXFrameworksBuildPhase section */

/* Begin PBXGroup section */
		080E96DDFE201D6D7F000001 /* Classes */ = {
			isa = PBXGroup;
			children = (
				E72DD76D1239FAEA00B73998 /* SynthesizeSingleton.h */,
				E75ABC621239EFFF004A5C76 /* Data */,
				E7F87F4B1238AC7C003F63CA /* Concept Object */,
				E783BC361254597E009B0C77 /* ActionsViewController.h */,
				E783BC371254597E009B0C77 /* ActionsViewController.m */,
				1D3623240D0F684500981E51 /* ConceptMapAppDelegate.h */,
				1D3623250D0F684500981E51 /* ConceptMapAppDelegate.m */,
				28D7ACF60DDB3853001CB0EB /* ConceptMapViewController.h */,
				28D7ACF70DDB3853001CB0EB /* ConceptMapViewController.m */,
				E7F87E4612388B1C003F63CA /* ConceptMapView.h */,
				E7F87E4712388B1C003F63CA /* ConceptMapView.m */,
				E7227DAA12629F93001A0386 /* ConceptObjectConnection.h */,
				E7227DAB12629F93001A0386 /* ConceptObjectConnection.m */,
				E7227D8F1261988E001A0386 /* ConceptObjectConnections.h */,
				E7227D901261988E001A0386 /* ConceptObjectConnections.m */,
				E783BC5B12545C1C009B0C77 /* DocumentSettingsViewController.h */,
				E783BC5C12545C1C009B0C77 /* DocumentSettingsViewController.m */,
				E794E258123F2077002F0EF8 /* DocumentTableViewCell.h */,
				E794E259123F2077002F0EF8 /* DocumentTableViewCell.m */,
				E794E228123DE84E002F0EF8 /* DocumentsViewController.h */,
				E794E229123DE84E002F0EF8 /* DocumentsViewController.m */,
				E7F87F6A1238B04A003F63CA /* Utility.h */,
				E7F87F6B1238B04A003F63CA /* Utility.m */,
			);
			path = Classes;
			sourceTree = "<group>";
		};
		19C28FACFE9D520D11CA2CBB /* Products */ = {
			isa = PBXGroup;
			children = (
				1D6058910D05DD3D006BFB54 /* ConceptMap.app */,
				E75ABCAE1239F42B004A5C76 /* ApplicationTesting.app */,
			);
			name = Products;
			sourceTree = "<group>";
		};
		29B97314FDCFA39411CA2CEA /* CustomTemplate */ = {
			isa = PBXGroup;
			children = (
				E75ABCB41239F44B004A5C76 /* ApplicationTesting */,
				080E96DDFE201D6D7F000001 /* Classes */,
				29B97315FDCFA39411CA2CEA /* Other Sources */,
				29B97317FDCFA39411CA2CEA /* Resources */,
				29B97323FDCFA39411CA2CEA /* Frameworks */,
				19C28FACFE9D520D11CA2CBB /* Products */,
				E75ABCB01239F42B004A5C76 /* ApplicationTesting-Info.plist */,
				E783AB341256FE2900E2F8CB /* MessageUI.framework */,
			);
			name = CustomTemplate;
			sourceTree = "<group>";
		};
		29B97315FDCFA39411CA2CEA /* Other Sources */ = {
			isa = PBXGroup;
			children = (
				32CA4F630368D1EE00C91783 /* ConceptMap_Prefix.pch */,
				29B97316FDCFA39411CA2CEA /* main.m */,
			);
			name = "Other Sources";
			sourceTree = "<group>";
		};
		29B97317FDCFA39411CA2CEA /* Resources */ = {
			isa = PBXGroup;
			children = (
				E722790E125AEA1E001A0386 /* es.lproj */,
				E72278FC125AE8D3001A0386 /* en.lproj */,
				E72278FF125AE8D3001A0386 /* fr.lproj */,
				E716CDD6123F2983003F21D3 /* Images */,
				E783BC381254597E009B0C77 /* ActionsViewController.xib */,
				E783BC5D12545C1C009B0C77 /* DocumentSettingsViewController.xib */,
				E716CD93123F25B2003F21D3 /* DocumentTableViewCell.xib */,
				E794E22A123DE84E002F0EF8 /* DocumentsViewController.xib */,
				2899E5210DE3E06400AC0155 /* ConceptMapViewController.xib */,
				E72A53BF124DBB3F00FEF168 /* ConceptObjectColorChooserViewController.xib */,
				E783AC111258B38100E2F8CB /* ConceptObjectFontChooserViewController.xib */,
				E7E6EB47124B115000276DA9 /* ConceptObjectSettingsViewController.xib */,
				E7227CB712616628001A0386 /* ConceptObjectShapeChooserViewController.xib */,
				E792D375124718CA00873C15 /* ConceptObjectTitleViewController.xib */,
				28AD733E0D9D9553002E5188 /* MainWindow.xib */,
				8D1107310486CEB800E47090 /* ConceptMap-Info.plist */,
			);
			name = Resources;
			sourceTree = "<group>";
		};
		29B97323FDCFA39411CA2CEA /* Frameworks */ = {
			isa = PBXGroup;
			children = (
				E7F87E4C12388BA9003F63CA /* QuartzCore.framework */,
				1DF5F4DF0D08C38300B7A737 /* UIKit.framework */,
				1D30AB110D05D00D00671497 /* Foundation.framework */,
				288765A40DF7441C002DB57D /* CoreGraphics.framework */,
				E75ABC7D1239F25F004A5C76 /* CoreData.framework */,
			);
			name = Frameworks;
			sourceTree = "<group>";
		};
		E716CDD6123F2983003F21D3 /* Images */ = {
			isa = PBXGroup;
			children = (
				E774F6981249B80C00CC1918 /* delete.png */,
				E716CDD8123F2A55003F21D3 /* image2.jpeg */,
				E716CDD9123F2A55003F21D3 /* image1.jpeg */,
			);
			name = Images;
			sourceTree = "<group>";
		};
		E72278FC125AE8D3001A0386 /* en.lproj */ = {
			isa = PBXGroup;
			children = (
				E72278FD125AE8D3001A0386 /* Localizable.strings */,
				E7227924125AEE6E001A0386 /* InfoPlist.strings */,
			);
			path = en.lproj;
			sourceTree = "<group>";
		};
		E72278FF125AE8D3001A0386 /* fr.lproj */ = {
			isa = PBXGroup;
			children = (
				E7227928125AEEAC001A0386 /* InfoPlist.strings */,
				E7227902125AE8DF001A0386 /* Localizable.strings */,
			);
			path = fr.lproj;
			sourceTree = "<group>";
		};
		E722790E125AEA1E001A0386 /* es.lproj */ = {
			isa = PBXGroup;
			children = (
				E722792C125AEED3001A0386 /* InfoPlist.strings */,
				E722790F125AEA1E001A0386 /* Localizable.strings */,
			);
			path = es.lproj;
			sourceTree = "<group>";
		};
		E75ABC621239EFFF004A5C76 /* Data */ = {
			isa = PBXGroup;
			children = (
				E75ABC631239F054004A5C76 /* ApplicationData.xcdatamodel */,
				E72DD76E1239FB0800B73998 /* DataController.h */,
				E72DD76F1239FB0800B73998 /* DataController.m */,
				E75ABC691239F24C004A5C76 /* Application.h */,
				E75ABC6A1239F24C004A5C76 /* Application.m */,
				E75ABC6B1239F24C004A5C76 /* Document.h */,
				E75ABC6C1239F24C004A5C76 /* Document.m */,
				E75ABC6D1239F24C004A5C76 /* Concept.h */,
				E75ABC6E1239F24C004A5C76 /* Concept.m */,
			);
			name = Data;
			sourceTree = "<group>";
		};
		E75ABCB41239F44B004A5C76 /* ApplicationTesting */ = {
			isa = PBXGroup;
			children = (
				E75ABDFB1239F74F004A5C76 /* Google */,
				E75ABDFC1239F77C004A5C76 /* GeneralTests.h */,
				E75ABDFD1239F77C004A5C76 /* GeneralTests.m */,
				E72DD7631239F9B300B73998 /* CoreDataTest.h */,
				E72DD7641239F9B300B73998 /* CoreDataTest.m */,
			);
			name = ApplicationTesting;
			sourceTree = "<group>";
		};
		E75ABDFB1239F74F004A5C76 /* Google */ = {
			isa = PBXGroup;
			children = (
				E75ABCC61239F4D0004A5C76 /* GTMDefines.h */,
				E75ABCC01239F4BE004A5C76 /* GTMObjC2Runtime.h */,
				E75ABCC11239F4BE004A5C76 /* GTMObjC2Runtime.m */,
				E75ABCC21239F4BE004A5C76 /* GTMRegex.h */,
				E75ABCC31239F4BE004A5C76 /* GTMRegex.m */,
				E75ABCB51239F48E004A5C76 /* GTMIPhoneUnitTestDelegate.h */,
				E75ABCB61239F48E004A5C76 /* GTMIPhoneUnitTestDelegate.m */,
				E75ABCB71239F48E004A5C76 /* GTMIPhoneUnitTestMain.m */,
				E75ABCB81239F48E004A5C76 /* GTMSenTestCase.h */,
				E75ABCB91239F48E004A5C76 /* GTMSenTestCase.m */,
				E75ABCBA1239F48E004A5C76 /* GTMUnitTestDevLog.h */,
				E75ABCBB1239F48E004A5C76 /* GTMUnitTestDevLog.m */,
			);
			name = Google;
			sourceTree = "<group>";
		};
		E792D3721247189D00873C15 /* Settings */ = {
			isa = PBXGroup;
			children = (
				E792D373124718CA00873C15 /* ConceptObjectTitleViewController.h */,
				E792D374124718CA00873C15 /* ConceptObjectTitleViewController.m */,
				E7E6EB45124B115000276DA9 /* ConceptObjectSettingsViewController.h */,
				E7E6EB46124B115000276DA9 /* ConceptObjectSettingsViewController.m */,
				E72A531F124C5F7000FEF168 /* ConceptObjectColorSet.h */,
				E72A5320124C5F7000FEF168 /* ConceptObjectColorSet.m */,
				E72A53BD124DBB3F00FEF168 /* ConceptObjectColorChooserViewController.h */,
				E72A53BE124DBB3F00FEF168 /* ConceptObjectColorChooserViewController.m */,
				E783AC0F1258B38100E2F8CB /* ConceptObjectFontChooserViewController.h */,
				E783AC101258B38100E2F8CB /* ConceptObjectFontChooserViewController.m */,
				E7227CB512616628001A0386 /* ConceptObjectShapeChooserViewController.h */,
				E7227CB612616628001A0386 /* ConceptObjectShapeChooserViewController.m */,
			);
			name = Settings;
			sourceTree = "<group>";
		};
		E7F87F4B1238AC7C003F63CA /* Concept Object */ = {
			isa = PBXGroup;
			children = (
				E792D3721247189D00873C15 /* Settings */,
				E7F87F4C1238AC90003F63CA /* ConceptObject.h */,
				E7F87F4D1238AC90003F63CA /* ConceptObject.m */,
				E783B73E12504919009B0C77 /* ConceptObjectDeleteButton.h */,
				E783B73F12504919009B0C77 /* ConceptObjectDeleteButton.m */,
				E754AD8F123FCCD2002801A3 /* ConceptObjectLabel.h */,
				E754AD90123FCCD2002801A3 /* ConceptObjectLabel.m */,
				E7227BE5125EEEAC001A0386 /* ConceptObjectConnectButton.h */,
				E7227BE6125EEEAC001A0386 /* ConceptObjectConnectButton.m */,
			);
			name = "Concept Object";
			sourceTree = "<group>";
		};
/* End PBXGroup section */

/* Begin PBXNativeTarget section */
		1D6058900D05DD3D006BFB54 /* ConceptMap */ = {
			isa = PBXNativeTarget;
			buildConfigurationList = 1D6058960D05DD3E006BFB54 /* Build configuration list for PBXNativeTarget "ConceptMap" */;
			buildPhases = (
				1D60588D0D05DD3D006BFB54 /* Resources */,
				1D60588E0D05DD3D006BFB54 /* Sources */,
				1D60588F0D05DD3D006BFB54 /* Frameworks */,
			);
			buildRules = (
			);
			dependencies = (
			);
			name = ConceptMap;
			productName = ConceptMap;
			productReference = 1D6058910D05DD3D006BFB54 /* ConceptMap.app */;
			productType = "com.apple.product-type.application";
		};
		E75ABCAD1239F42B004A5C76 /* ApplicationTesting */ = {
			isa = PBXNativeTarget;
			buildConfigurationList = E75ABCB31239F42C004A5C76 /* Build configuration list for PBXNativeTarget "ApplicationTesting" */;
			buildPhases = (
				E75ABCAA1239F42B004A5C76 /* Resources */,
				E75ABCAB1239F42B004A5C76 /* Sources */,
				E75ABCAC1239F42B004A5C76 /* Frameworks */,
				E75ABCCC1239F52F004A5C76 /* ShellScript */,
			);
			buildRules = (
			);
			dependencies = (
			);
			name = ApplicationTesting;
			productName = ApplicationTesting;
			productReference = E75ABCAE1239F42B004A5C76 /* ApplicationTesting.app */;
			productType = "com.apple.product-type.application";
		};
/* End PBXNativeTarget section */

/* Begin PBXProject section */
		29B97313FDCFA39411CA2CEA /* Project object */ = {
			isa = PBXProject;
			attributes = {
				ORGANIZATIONNAME = "Cool Tool Apps";
			};
			buildConfigurationList = C01FCF4E08A954540054247B /* Build configuration list for PBXProject "ConceptMap" */;
			compatibilityVersion = "Xcode 3.1";
			hasScannedForEncodings = 1;
			knownRegions = (
				English,
				Japanese,
				French,
				German,
				en,
				fr,
				es,
			);
			mainGroup = 29B97314FDCFA39411CA2CEA /* CustomTemplate */;
			projectDirPath = "";
			projectRoot = "";
			targets = (
				1D6058900D05DD3D006BFB54 /* ConceptMap */,
				E75ABCAD1239F42B004A5C76 /* ApplicationTesting */,
			);
		};
/* End PBXProject section */

/* Begin PBXResourcesBuildPhase section */
		1D60588D0D05DD3D006BFB54 /* Resources */ = {
			isa = PBXResourcesBuildPhase;
			buildActionMask = 2147483647;
			files = (
				28AD733F0D9D9553002E5188 /* MainWindow.xib in Resources */,
				2899E5220DE3E06400AC0155 /* ConceptMapViewController.xib in Resources */,
				E794E22E123DE84E002F0EF8 /* DocumentsViewController.xib in Resources */,
				E716CD95123F25B2003F21D3 /* DocumentTableViewCell.xib in Resources */,
				E716CDDC123F2A55003F21D3 /* image2.jpeg in Resources */,
				E716CDDD123F2A55003F21D3 /* image1.jpeg in Resources */,
				E792D379124718CA00873C15 /* ConceptObjectTitleViewController.xib in Resources */,
				E774F69A1249B80C00CC1918 /* delete.png in Resources */,
				E7E6EB49124B115000276DA9 /* ConceptObjectSettingsViewController.xib in Resources */,
				E72A53C1124DBB3F00FEF168 /* ConceptObjectColorChooserViewController.xib in Resources */,
				E783BC3A1254597E009B0C77 /* ActionsViewController.xib in Resources */,
				E783BC5F12545C1C009B0C77 /* DocumentSettingsViewController.xib in Resources */,
				E783AC131258B38100E2F8CB /* ConceptObjectFontChooserViewController.xib in Resources */,
				E7227900125AE8D3001A0386 /* Localizable.strings in Resources */,
				E7227904125AE8DF001A0386 /* Localizable.strings in Resources */,
				E7227911125AEA1E001A0386 /* Localizable.strings in Resources */,
				E7227926125AEE6E001A0386 /* InfoPlist.strings in Resources */,
				E722792A125AEEAC001A0386 /* InfoPlist.strings in Resources */,
				E722792E125AEED3001A0386 /* InfoPlist.strings in Resources */,
				E7227CB912616628001A0386 /* ConceptObjectShapeChooserViewController.xib in Resources */,
			);
			runOnlyForDeploymentPostprocessing = 0;
		};
		E75ABCAA1239F42B004A5C76 /* Resources */ = {
			isa = PBXResourcesBuildPhase;
			buildActionMask = 2147483647;
			files = (
				E716CE1D123F3296003F21D3 /* ConceptMapViewController.xib in Resources */,
				E716CE27123F33D6003F21D3 /* DocumentTableViewCell.xib in Resources */,
				E721DBC8123F35A600B39962 /* DocumentsViewController.xib in Resources */,
				E75ABCDD1239F5C5004A5C76 /* MainWindow.xib in Resources */,
				E716CDDA123F2A55003F21D3 /* image2.jpeg in Resources */,
				E716CDDB123F2A55003F21D3 /* image1.jpeg in Resources */,
				E792D377124718CA00873C15 /* ConceptObjectTitleViewController.xib in Resources */,
				E774F6991249B80C00CC1918 /* delete.png in Resources */,
				E7E6EB4B124B115000276DA9 /* ConceptObjectSettingsViewController.xib in Resources */,
				E72A53C3124DBB3F00FEF168 /* ConceptObjectColorChooserViewController.xib in Resources */,
				E783BC3C1254597E009B0C77 /* ActionsViewController.xib in Resources */,
				E783BC6112545C1C009B0C77 /* DocumentSettingsViewController.xib in Resources */,
				E783AC151258B38100E2F8CB /* ConceptObjectFontChooserViewController.xib in Resources */,
				E7227901125AE8D3001A0386 /* Localizable.strings in Resources */,
				E7227905125AE8DF001A0386 /* Localizable.strings in Resources */,
				E7227912125AEA1E001A0386 /* Localizable.strings in Resources */,
				E7227927125AEE6E001A0386 /* InfoPlist.strings in Resources */,
				E722792B125AEEAC001A0386 /* InfoPlist.strings in Resources */,
				E722792F125AEED3001A0386 /* InfoPlist.strings in Resources */,
				E7227CBB12616628001A0386 /* ConceptObjectShapeChooserViewController.xib in Resources */,
			);
			runOnlyForDeploymentPostprocessing = 0;
		};
/* End PBXResourcesBuildPhase section */

/* Begin PBXShellScriptBuildPhase section */
		E75ABCCC1239F52F004A5C76 /* ShellScript */ = {
			isa = PBXShellScriptBuildPhase;
			buildActionMask = 2147483647;
			files = (
			);
			inputPaths = (
			);
			outputPaths = (
			);
			runOnlyForDeploymentPostprocessing = 0;
			shellPath = /bin/sh;
			shellScript = "/google-toolbox-for-mac-read-only/UnitTesting/RunIPhoneUnitTest.sh";
		};
/* End PBXShellScriptBuildPhase section */

/* Begin PBXSourcesBuildPhase section */
		1D60588E0D05DD3D006BFB54 /* Sources */ = {
			isa = PBXSourcesBuildPhase;
			buildActionMask = 2147483647;
			files = (
				1D60589B0D05DD56006BFB54 /* main.m in Sources */,
				1D3623260D0F684500981E51 /* ConceptMapAppDelegate.m in Sources */,
				28D7ACF80DDB3853001CB0EB /* ConceptMapViewController.m in Sources */,
				E7F87E4812388B1C003F63CA /* ConceptMapView.m in Sources */,
				E7F87F4E1238AC90003F63CA /* ConceptObject.m in Sources */,
				E7F87F6C1238B04A003F63CA /* Utility.m in Sources */,
				E75ABC641239F054004A5C76 /* ApplicationData.xcdatamodel in Sources */,
				E75ABC6F1239F24C004A5C76 /* Application.m in Sources */,
				E75ABC701239F24C004A5C76 /* Document.m in Sources */,
				E75ABC711239F24C004A5C76 /* Concept.m in Sources */,
				E72DD7701239FB0800B73998 /* DataController.m in Sources */,
				E794E22D123DE84E002F0EF8 /* DocumentsViewController.m in Sources */,
				E794E25B123F2077002F0EF8 /* DocumentTableViewCell.m in Sources */,
				E754AD92123FCCD2002801A3 /* ConceptObjectLabel.m in Sources */,
				E792D378124718CA00873C15 /* ConceptObjectTitleViewController.m in Sources */,
				E7E6EB48124B115000276DA9 /* ConceptObjectSettingsViewController.m in Sources */,
				E72A5321124C5F7000FEF168 /* ConceptObjectColorSet.m in Sources */,
				E72A53C0124DBB3F00FEF168 /* ConceptObjectColorChooserViewController.m in Sources */,
				E783B74012504919009B0C77 /* ConceptObjectDeleteButton.m in Sources */,
				E783BC391254597E009B0C77 /* ActionsViewController.m in Sources */,
				E783BC5E12545C1C009B0C77 /* DocumentSettingsViewController.m in Sources */,
				E783AC121258B38100E2F8CB /* ConceptObjectFontChooserViewController.m in Sources */,
				E7227BE7125EEEAC001A0386 /* ConceptObjectConnectButton.m in Sources */,
				E7227CB812616628001A0386 /* ConceptObjectShapeChooserViewController.m in Sources */,
				E7227D911261988E001A0386 /* ConceptObjectConnections.m in Sources */,
				E7227DAC12629F93001A0386 /* ConceptObjectConnection.m in Sources */,
			);
			runOnlyForDeploymentPostprocessing = 0;
		};
		E75ABCAB1239F42B004A5C76 /* Sources */ = {
			isa = PBXSourcesBuildPhase;
			buildActionMask = 2147483647;
			files = (
				E75ABDFE1239F77C004A5C76 /* GeneralTests.m in Sources */,
				E72DD7651239F9B300B73998 /* CoreDataTest.m in Sources */,
				E768BDF7123B4CB100D149F7 /* ApplicationData.xcdatamodel in Sources */,
				E721DBC7123F359F00B39962 /* DocumentsViewController.m in Sources */,
				E72DD7711239FB0800B73998 /* DataController.m in Sources */,
				E716CE26123F33D1003F21D3 /* DocumentTableViewCell.m in Sources */,
				E70D56F7123B2C6C00280E65 /* Application.m in Sources */,
				E70D56F8123B2C6C00280E65 /* Document.m in Sources */,
				E70D56F9123B2C6C00280E65 /* Concept.m in Sources */,
				E75ABDE91239F662004A5C76 /* ConceptObject.m in Sources */,
				E716CE17123F3284003F21D3 /* ConceptMapViewController.m in Sources */,
				E75ABCBC1239F48E004A5C76 /* GTMIPhoneUnitTestDelegate.m in Sources */,
				E75ABCBD1239F48E004A5C76 /* GTMIPhoneUnitTestMain.m in Sources */,
				E75ABCBE1239F48E004A5C76 /* GTMSenTestCase.m in Sources */,
				E75ABCBF1239F48E004A5C76 /* GTMUnitTestDevLog.m in Sources */,
				E75ABCC41239F4BE004A5C76 /* GTMObjC2Runtime.m in Sources */,
				E75ABCC51239F4BE004A5C76 /* GTMRegex.m in Sources */,
				E75ABDF11239F68D004A5C76 /* ConceptMapAppDelegate.m in Sources */,
				E75ABDE31239F64A004A5C76 /* ConceptMapView.m in Sources */,
				E754AD91123FCCD2002801A3 /* ConceptObjectLabel.m in Sources */,
				E792D376124718CA00873C15 /* ConceptObjectTitleViewController.m in Sources */,
				E7E6EB4A124B115000276DA9 /* ConceptObjectSettingsViewController.m in Sources */,
				E72A5322124C5F7000FEF168 /* ConceptObjectColorSet.m in Sources */,
				E72A53C2124DBB3F00FEF168 /* ConceptObjectColorChooserViewController.m in Sources */,
				E783B74112504919009B0C77 /* ConceptObjectDeleteButton.m in Sources */,
				E783BC3B1254597E009B0C77 /* ActionsViewController.m in Sources */,
				E783BC6012545C1C009B0C77 /* DocumentSettingsViewController.m in Sources */,
				E783AC141258B38100E2F8CB /* ConceptObjectFontChooserViewController.m in Sources */,
				E7227BE8125EEEAC001A0386 /* ConceptObjectConnectButton.m in Sources */,
				E7227CBA12616628001A0386 /* ConceptObjectShapeChooserViewController.m in Sources */,
				E7227D921261988E001A0386 /* ConceptObjectConnections.m in Sources */,
				E7227DAD12629F93001A0386 /* ConceptObjectConnection.m in Sources */,
			);
			runOnlyForDeploymentPostprocessing = 0;
		};
/* End PBXSourcesBuildPhase section */

/* Begin PBXVariantGroup section */
		E72278FD125AE8D3001A0386 /* Localizable.strings */ = {
			isa = PBXVariantGroup;
			children = (
				E72278FE125AE8D3001A0386 /* en */,
			);
			name = Localizable.strings;
			sourceTree = "<group>";
		};
		E7227902125AE8DF001A0386 /* Localizable.strings */ = {
			isa = PBXVariantGroup;
			children = (
				E7227903125AE8DF001A0386 /* fr */,
			);
			name = Localizable.strings;
			sourceTree = "<group>";
		};
		E722790F125AEA1E001A0386 /* Localizable.strings */ = {
			isa = PBXVariantGroup;
			children = (
				E7227910125AEA1E001A0386 /* es */,
			);
			name = Localizable.strings;
			sourceTree = "<group>";
		};
		E7227924125AEE6E001A0386 /* InfoPlist.strings */ = {
			isa = PBXVariantGroup;
			children = (
				E7227925125AEE6E001A0386 /* en */,
			);
			name = InfoPlist.strings;
			sourceTree = "<group>";
		};
		E7227928125AEEAC001A0386 /* InfoPlist.strings */ = {
			isa = PBXVariantGroup;
			children = (
				E7227929125AEEAC001A0386 /* fr */,
			);
			name = InfoPlist.strings;
			sourceTree = "<group>";
		};
		E722792C125AEED3001A0386 /* InfoPlist.strings */ = {
			isa = PBXVariantGroup;
			children = (
				E722792D125AEED3001A0386 /* es */,
			);
			name = InfoPlist.strings;
			sourceTree = "<group>";
		};
/* End PBXVariantGroup section */

/* Begin XCBuildConfiguration section */
		1D6058940D05DD3E006BFB54 /* Debug */ = {
			isa = XCBuildConfiguration;
			buildSettings = {
				ALWAYS_SEARCH_USER_PATHS = NO;
				COPY_PHASE_STRIP = NO;
				GCC_DYNAMIC_NO_PIC = NO;
				GCC_OPTIMIZATION_LEVEL = 0;
				GCC_PRECOMPILE_PREFIX_HEADER = YES;
				GCC_PREFIX_HEADER = ConceptMap_Prefix.pch;
				INFOPLIST_FILE = "ConceptMap-Info.plist";
				PRODUCT_NAME = ConceptMap;
			};
			name = Debug;
		};
		1D6058950D05DD3E006BFB54 /* Release */ = {
			isa = XCBuildConfiguration;
			buildSettings = {
				ALWAYS_SEARCH_USER_PATHS = NO;
				COPY_PHASE_STRIP = YES;
				GCC_PRECOMPILE_PREFIX_HEADER = YES;
				GCC_PREFIX_HEADER = ConceptMap_Prefix.pch;
				INFOPLIST_FILE = "ConceptMap-Info.plist";
				PRODUCT_NAME = ConceptMap;
				VALIDATE_PRODUCT = YES;
			};
			name = Release;
		};
		C01FCF4F08A954540054247B /* Debug */ = {
			isa = XCBuildConfiguration;
			buildSettings = {
				ARCHS = "$(ARCHS_UNIVERSAL_IPHONE_OS)";
				"CODE_SIGN_IDENTITY[sdk=iphoneos*]" = "iPhone Developer";
				GCC_C_LANGUAGE_STANDARD = c99;
				GCC_WARN_ABOUT_RETURN_TYPE = YES;
				GCC_WARN_UNUSED_VARIABLE = YES;
				PREBINDING = NO;
				SDKROOT = iphoneos3.2;
				TARGETED_DEVICE_FAMILY = 2;
			};
			name = Debug;
		};
		C01FCF5008A954540054247B /* Release */ = {
			isa = XCBuildConfiguration;
			buildSettings = {
				ARCHS = "$(ARCHS_UNIVERSAL_IPHONE_OS)";
				"CODE_SIGN_IDENTITY[sdk=iphoneos*]" = "iPhone Developer";
				GCC_C_LANGUAGE_STANDARD = c99;
				GCC_WARN_ABOUT_RETURN_TYPE = YES;
				GCC_WARN_UNUSED_VARIABLE = YES;
				OTHER_CFLAGS = "-DNS_BLOCK_ASSERTIONS=1";
				PREBINDING = NO;
				SDKROOT = iphoneos3.2;
				TARGETED_DEVICE_FAMILY = 2;
			};
			name = Release;
		};
		E75ABCB11239F42C004A5C76 /* Debug */ = {
			isa = XCBuildConfiguration;
			buildSettings = {
				ALWAYS_SEARCH_USER_PATHS = NO;
				CODE_SIGN_IDENTITY = "iPhone Developer";
				COPY_PHASE_STRIP = NO;
				GCC_DYNAMIC_NO_PIC = NO;
				GCC_OPTIMIZATION_LEVEL = 0;
				GCC_PRECOMPILE_PREFIX_HEADER = YES;
				GCC_PREFIX_HEADER = "$(SYSTEM_LIBRARY_DIR)/Frameworks/UIKit.framework/Headers/UIKit.h";
				GCC_PREPROCESSOR_DEFINITIONS = AUTOMATED_TESTING;
				INFOPLIST_FILE = "ApplicationTesting-Info.plist";
				INSTALL_PATH = "$(HOME)/Applications";
				OTHER_LDFLAGS = (
					"-framework",
					Foundation,
					"-framework",
					UIKit,
				);
				PREBINDING = NO;
				PRODUCT_NAME = ApplicationTesting;
				SDKROOT = iphoneos4.0;
			};
			name = Debug;
		};
		E75ABCB21239F42C004A5C76 /* Release */ = {
			isa = XCBuildConfiguration;
			buildSettings = {
				ALWAYS_SEARCH_USER_PATHS = NO;
				CODE_SIGN_IDENTITY = "iPhone Developer";
				COPY_PHASE_STRIP = YES;
				DEBUG_INFORMATION_FORMAT = "dwarf-with-dsym";
				GCC_ENABLE_FIX_AND_CONTINUE = NO;
				GCC_PRECOMPILE_PREFIX_HEADER = YES;
				GCC_PREFIX_HEADER = "$(SYSTEM_LIBRARY_DIR)/Frameworks/UIKit.framework/Headers/UIKit.h";
				INFOPLIST_FILE = "ApplicationTesting-Info.plist";
				INSTALL_PATH = "$(HOME)/Applications";
				OTHER_LDFLAGS = (
					"-framework",
					Foundation,
					"-framework",
					UIKit,
				);
				PREBINDING = NO;
				PRODUCT_NAME = ApplicationTesting;
				SDKROOT = iphoneos4.0;
				ZERO_LINK = NO;
			};
			name = Release;
		};
/* End XCBuildConfiguration section */

/* Begin XCConfigurationList section */
		1D6058960D05DD3E006BFB54 /* Build configuration list for PBXNativeTarget "ConceptMap" */ = {
			isa = XCConfigurationList;
			buildConfigurations = (
				1D6058940D05DD3E006BFB54 /* Debug */,
				1D6058950D05DD3E006BFB54 /* Release */,
			);
			defaultConfigurationIsVisible = 0;
			defaultConfigurationName = Release;
		};
		C01FCF4E08A954540054247B /* Build configuration list for PBXProject "ConceptMap" */ = {
			isa = XCConfigurationList;
			buildConfigurations = (
				C01FCF4F08A954540054247B /* Debug */,
				C01FCF5008A954540054247B /* Release */,
			);
			defaultConfigurationIsVisible = 0;
			defaultConfigurationName = Release;
		};
		E75ABCB31239F42C004A5C76 /* Build configuration list for PBXNativeTarget "ApplicationTesting" */ = {
			isa = XCConfigurationList;
			buildConfigurations = (
				E75ABCB11239F42C004A5C76 /* Debug */,
				E75ABCB21239F42C004A5C76 /* Release */,
			);
			defaultConfigurationIsVisible = 0;
			defaultConfigurationName = Release;
		};
/* End XCConfigurationList section */
	};
	rootObject = 29B97313FDCFA39411CA2CEA /* Project object */;
}
